
Microsoft Visual Studio Solution File, Format Version 12.00
# Visual Studio Version 17
VisualStudioVersion = 17.10.35013.160
MinimumVisualStudioVersion = 10.0.40219.1
Project("{FAE04EC0-301F-11D3-BF4B-00C04F79EFBC}") = "MongoDBUI", "MongoDBUI\MongoDBUI.csproj", "{F7ACE30D-0243-49C6-8E6F-A09BBF535055}"
EndProject
Project("{FAE04EC0-301F-11D3-BF4B-00C04F79EFBC}") = "DataAccessLibrary", "DataAccessLibrary\DataAccessLibrary.csproj", "{05BA4423-AE21-4689-BC02-A4C7DB9C0D9D}"
EndProject
Global
	GlobalSection(SolutionConfigurationPlatforms) = preSolution
		Debug|Any CPU = Debug|Any CPU
		Release|Any CPU = Release|Any CPU
	EndGlobalSection
	GlobalSection(ProjectConfigurationPlatforms) = postSolution
		{F7ACE30D-0243-49C6-8E6F-A09BBF535055}.Debug|Any CPU.ActiveCfg = Debug|Any CPU
		{F7ACE30D-0243-49C6-8E6F-A09BBF535055}.Debug|Any CPU.Build.0 = Debug|Any CPU
		{F7ACE30D-0243-49C6-8E6F-A09BBF535055}.Release|Any CPU.ActiveCfg = Release|Any CPU
		{F7ACE30D-0243-49C6-8E6F-A09BBF535055}.Release|Any CPU.Build.0 = Release|Any CPU
		{05BA4423-AE21-4689-BC02-A4C7DB9C0D9D}.Debug|Any CPU.ActiveCfg = Debug|Any CPU
		{05BA4423-AE21-4689-BC02-A4C7DB9C0D9D}.Debug|Any CPU.Build.0 = Debug|Any CPU
		{05BA4423-AE21-4689-BC02-A4C7DB9C0D9D}.Release|Any CPU.ActiveCfg = Release|Any CPU
		{05BA4423-AE21-4689-BC02-A4C7DB9C0D9D}.Release|Any CPU.Build.0 = Release|Any CPU
	EndGlobalSection
	GlobalSection(SolutionProperties) = preSolution
		HideSolutionNode = FALSE
	EndGlobalSection
	GlobalSection(ExtensibilityGlobals) = postSolution
		SolutionGuid = {886793AD-DDAA-419B-AF4E-B0FD0A3A0770}
	EndGlobalSection
EndGlobal
